// !$*UTF8*$!
{
	archiveVersion = 1;
	classes = {
	};
	objectVersion = 46;
	objects = {

/* Begin PBXBuildFile section */
		01948E7D1E0A25F800C4D204 /* main.m in Sources */ = {isa = PBXBuildFile; fileRef = 01948E7C1E0A25F800C4D204 /* main.m */; };
		01948E801E0A25F800C4D204 /* AppDelegate.m in Sources */ = {isa = PBXBuildFile; fileRef = 01948E7F1E0A25F800C4D204 /* AppDelegate.m */; };
		01948E831E0A25F800C4D204 /* ViewController.m in Sources */ = {isa = PBXBuildFile; fileRef = 01948E821E0A25F800C4D204 /* ViewController.m */; };
		01948E861E0A25F800C4D204 /* Main.storyboard in Resources */ = {isa = PBXBuildFile; fileRef = 01948E841E0A25F800C4D204 /* Main.storyboard */; };
		01948E881E0A25F800C4D204 /* Assets.xcassets in Resources */ = {isa = PBXBuildFile; fileRef = 01948E871E0A25F800C4D204 /* Assets.xcassets */; };
		01948E8B1E0A25F800C4D204 /* LaunchScreen.storyboard in Resources */ = {isa = PBXBuildFile; fileRef = 01948E891E0A25F800C4D204 /* LaunchScreen.storyboard */; };
		01948E961E0A25F800C4D204 /* MTMessageKeyBoardDemoTests.m in Sources */ = {isa = PBXBuildFile; fileRef = 01948E951E0A25F800C4D204 /* MTMessageKeyBoardDemoTests.m */; };
		01948EA11E0A25F800C4D204 /* MTMessageKeyBoardDemoUITests.m in Sources */ = {isa = PBXBuildFile; fileRef = 01948EA01E0A25F800C4D204 /* MTMessageKeyBoardDemoUITests.m */; };
/* End PBXBuildFile section */

/* Begin PBXContainerItemProxy section */
		01948E921E0A25F800C4D204 /* PBXContainerItemProxy */ = {
			isa = PBXContainerItemProxy;
			containerPortal = 01948E701E0A25F800C4D204 /* Project object */;
			proxyType = 1;
			remoteGlobalIDString = 01948E771E0A25F800C4D204;
			remoteInfo = MTMessageKeyBoardDemo;
		};
		01948E9D1E0A25F800C4D204 /* PBXContainerItemProxy */ = {
			isa = PBXContainerItemProxy;
			containerPortal = 01948E701E0A25F800C4D204 /* Project object */;
			proxyType = 1;
			remoteGlobalIDString = 01948E771E0A25F800C4D204;
			remoteInfo = MTMessageKeyBoardDemo;
		};
/* End PBXContainerItemProxy section */

/* Begin PBXFileReference section */
		01948E781E0A25F800C4D204 /* MTMessageKeyBoardDemo.app */ = {isa = PBXFileReference; explicitFileType = wrapper.application; includeInIndex = 0; path = MTMessageKeyBoardDemo.app; sourceTree = BUILT_PRODUCTS_DIR; };
		01948E7C1E0A25F800C4D204 /* main.m */ = {isa = PBXFileReference; lastKnownFileType = sourcecode.c.objc; path = main.m; sourceTree = "<group>"; };
		01948E7E1E0A25F800C4D204 /* AppDelegate.h */ = {isa = PBXFileReference; lastKnownFileType = sourcecode.c.h; path = AppDelegate.h; sourceTree = "<group>"; };
		01948E7F1E0A25F800C4D204 /* AppDelegate.m */ = {isa = PBXFileReference; lastKnownFileType = sourcecode.c.objc; path = AppDelegate.m; sourceTree = "<group>"; };
		01948E811E0A25F800C4D204 /* ViewController.h */ = {isa = PBXFileReference; lastKnownFileType = sourcecode.c.h; path = ViewController.h; sourceTree = "<group>"; };
		01948E821E0A25F800C4D204 /* ViewController.m */ = {isa = PBXFileReference; lastKnownFileType = sourcecode.c.objc; path = ViewController.m; sourceTree = "<group>"; };
		01948E851E0A25F800C4D204 /* Base */ = {isa = PBXFileReference; lastKnownFileType = file.storyboard; name = Base; path = Base.lproj/Main.storyboard; sourceTree = "<group>"; };
		01948E871E0A25F800C4D204 /* Assets.xcassets */ = {isa = PBXFileReference; lastKnownFileType = folder.assetcatalog; path = Assets.xcassets; sourceTree = "<group>"; };
		01948E8A1E0A25F800C4D204 /* Base */ = {isa = PBXFileReference; lastKnownFileType = file.storyboard; name = Base; path = Base.lproj/LaunchScreen.storyboard; sourceTree = "<group>"; };
		01948E8C1E0A25F800C4D204 /* Info.plist */ = {isa = PBXFileReference; lastKnownFileType = text.plist.xml; path = Info.plist; sourceTree = "<group>"; };
		01948E911E0A25F800C4D204 /* MTMessageKeyBoardDemoTests.xctest */ = {isa = PBXFileReference; explicitFileType = wrapper.cfbundle; includeInIndex = 0; path = MTMessageKeyBoardDemoTests.xctest; sourceTree = BUILT_PRODUCTS_DIR; };
		01948E951E0A25F800C4D204 /* MTMessageKeyBoardDemoTests.m */ = {isa = PBXFileReference; lastKnownFileType = sourcecode.c.objc; path = MTMessageKeyBoardDemoTests.m; sourceTree = "<group>"; };
		01948E971E0A25F800C4D204 /* Info.plist */ = {isa = PBXFileReference; lastKnownFileType = text.plist.xml; path = Info.plist; sourceTree = "<group>"; };
		01948E9C1E0A25F800C4D204 /* MTMessageKeyBoardDemoUITests.xctest */ = {isa = PBXFileReference; explicitFileType = wrapper.cfbundle; includeInIndex = 0; path = MTMessageKeyBoardDemoUITests.xctest; sourceTree = BUILT_PRODUCTS_DIR; };
		01948EA01E0A25F800C4D204 /* MTMessageKeyBoardDemoUITests.m */ = {isa = PBXFileReference; lastKnownFileType = sourcecode.c.objc; path = MTMessageKeyBoardDemoUITests.m; sourceTree = "<group>"; };
		01948EA21E0A25F800C4D204 /* Info.plist */ = {isa = PBXFileReference; lastKnownFileType = text.plist.xml; path = Info.plist; sourceTree = "<group>"; };
/* End PBXFileReference section */

/* Begin PBXFrameworksBuildPhase section */
		01948E751E0A25F800C4D204 /* Frameworks */ = {
			isa = PBXFrameworksBuildPhase;
			buildActionMask = 2147483647;
			files = (
			);
			runOnlyForDeploymentPostprocessing = 0;
		};
		01948E8E1E0A25F800C4D204 /* Frameworks */ = {
			isa = PBXFrameworksBuildPhase;
			buildActionMask = 2147483647;
			files = (
			);
			runOnlyForDeploymentPostprocessing = 0;
		};
		01948E991E0A25F800C4D204 /* Frameworks */ = {
			isa = PBXFrameworksBuildPhase;
			buildActionMask = 2147483647;
			files = (
			);
			runOnlyForDeploymentPostprocessing = 0;
		};
/* End PBXFrameworksBuildPhase section */

/* Begin PBXGroup section */
		01948E6F1E0A25F800C4D204 = {
			isa = PBXGroup;
			children = (
				01948E7A1E0A25F800C4D204 /* MTMessageKeyBoardDemo */,
				01948E941E0A25F800C4D204 /* MTMessageKeyBoardDemoTests */,
				01948E9F1E0A25F800C4D204 /* MTMessageKeyBoardDemoUITests */,
				01948E791E0A25F800C4D204 /* Products */,
			);
			sourceTree = "<group>";
		};
		01948E791E0A25F800C4D204 /* Products */ = {
			isa = PBXGroup;
			children = (
				01948E781E0A25F800C4D204 /* MTMessageKeyBoardDemo.app */,
				01948E911E0A25F800C4D204 /* MTMessageKeyBoardDemoTests.xctest */,
				01948E9C1E0A25F800C4D204 /* MTMessageKeyBoardDemoUITests.xctest */,
			);
			name = Products;
			sourceTree = "<group>";
		};
		01948E7A1E0A25F800C4D204 /* MTMessageKeyBoardDemo */ = {
			isa = PBXGroup;
			children = (
				01948E7E1E0A25F800C4D204 /* AppDelegate.h */,
				01948E7F1E0A25F800C4D204 /* AppDelegate.m */,
				01948E811E0A25F800C4D204 /* ViewController.h */,
				01948E821E0A25F800C4D204 /* ViewController.m */,
				01948E841E0A25F800C4D204 /* Main.storyboard */,
				01948E871E0A25F800C4D204 /* Assets.xcassets */,
				01948E891E0A25F800C4D204 /* LaunchScreen.storyboard */,
				01948E8C1E0A25F800C4D204 /* Info.plist */,
				01948E7B1E0A25F800C4D204 /* Supporting Files */,
			);
			path = MTMessageKeyBoardDemo;
			sourceTree = "<group>";
		};
		01948E7B1E0A25F800C4D204 /* Supporting Files */ = {
			isa = PBXGroup;
			children = (
				01948E7C1E0A25F800C4D204 /* main.m */,
			);
			name = "Supporting Files";
			sourceTree = "<group>";
		};
		01948E941E0A25F800C4D204 /* MTMessageKeyBoardDemoTests */ = {
			isa = PBXGroup;
			children = (
				01948E951E0A25F800C4D204 /* MTMessageKeyBoardDemoTests.m */,
				01948E971E0A25F800C4D204 /* Info.plist */,
			);
			path = MTMessageKeyBoardDemoTests;
			sourceTree = "<group>";
		};
		01948E9F1E0A25F800C4D204 /* MTMessageKeyBoardDemoUITests */ = {
			isa = PBXGroup;
			children = (
				01948EA01E0A25F800C4D204 /* MTMessageKeyBoardDemoUITests.m */,
				01948EA21E0A25F800C4D204 /* Info.plist */,
			);
			path = MTMessageKeyBoardDemoUITests;
			sourceTree = "<group>";
		};
/* End PBXGroup section */

/* Begin PBXNativeTarget section */
		01948E771E0A25F800C4D204 /* MTMessageKeyBoardDemo */ = {
			isa = PBXNativeTarget;
			buildConfigurationList = 01948EA51E0A25F800C4D204 /* Build configuration list for PBXNativeTarget "MTMessageKeyBoardDemo" */;
			buildPhases = (
				01948E741E0A25F800C4D204 /* Sources */,
				01948E751E0A25F800C4D204 /* Frameworks */,
				01948E761E0A25F800C4D204 /* Resources */,
			);
			buildRules = (
			);
			dependencies = (
			);
			name = MTMessageKeyBoardDemo;
			productName = MTMessageKeyBoardDemo;
			productReference = 01948E781E0A25F800C4D204 /* MTMessageKeyBoardDemo.app */;
			productType = "com.apple.product-type.application";
		};
		01948E901E0A25F800C4D204 /* MTMessageKeyBoardDemoTests */ = {
			isa = PBXNativeTarget;
			buildConfigurationList = 01948EA81E0A25F800C4D204 /* Build configuration list for PBXNativeTarget "MTMessageKeyBoardDemoTests" */;
			buildPhases = (
				01948E8D1E0A25F800C4D204 /* Sources */,
				01948E8E1E0A25F800C4D204 /* Frameworks */,
				01948E8F1E0A25F800C4D204 /* Resources */,
			);
			buildRules = (
			);
			dependencies = (
				01948E931E0A25F800C4D204 /* PBXTargetDependency */,
			);
			name = MTMessageKeyBoardDemoTests;
			productName = MTMessageKeyBoardDemoTests;
			productReference = 01948E911E0A25F800C4D204 /* MTMessageKeyBoardDemoTests.xctest */;
			productType = "com.apple.product-type.bundle.unit-test";
		};
		01948E9B1E0A25F800C4D204 /* MTMessageKeyBoardDemoUITests */ = {
			isa = PBXNativeTarget;
			buildConfigurationList = 01948EAB1E0A25F800C4D204 /* Build configuration list for PBXNativeTarget "MTMessageKeyBoardDemoUITests" */;
			buildPhases = (
				01948E981E0A25F800C4D204 /* Sources */,
				01948E991E0A25F800C4D204 /* Frameworks */,
				01948E9A1E0A25F800C4D204 /* Resources */,
			);
			buildRules = (
			);
			dependencies = (
				01948E9E1E0A25F800C4D204 /* PBXTargetDependency */,
			);
			name = MTMessageKeyBoardDemoUITests;
			productName = MTMessageKeyBoardDemoUITests;
			productReference = 01948E9C1E0A25F800C4D204 /* MTMessageKeyBoardDemoUITests.xctest */;
			productType = "com.apple.product-type.bundle.ui-testing";
		};
/* End PBXNativeTarget section */

/* Begin PBXProject section */
		01948E701E0A25F800C4D204 /* Project object */ = {
			isa = PBXProject;
			attributes = {
				LastUpgradeCheck = 0820;
				ORGANIZATIONNAME = Mr.Tung;
				TargetAttributes = {
					01948E771E0A25F800C4D204 = {
						CreatedOnToolsVersion = 8.2;
						ProvisioningStyle = Automatic;
					};
					01948E901E0A25F800C4D204 = {
						CreatedOnToolsVersion = 8.2;
						ProvisioningStyle = Automatic;
						TestTargetID = 01948E771E0A25F800C4D204;
					};
					01948E9B1E0A25F800C4D204 = {
						CreatedOnToolsVersion = 8.2;
						ProvisioningStyle = Automatic;
						TestTargetID = 01948E771E0A25F800C4D204;
					};
				};
			};
			buildConfigurationList = 01948E731E0A25F800C4D204 /* Build configuration list for PBXProject "MTMessageKeyBoardDemo" */;
			compatibilityVersion = "Xcode 3.2";
			developmentRegion = English;
			hasScannedForEncodings = 0;
			knownRegions = (
				en,
				Base,
			);
			mainGroup = 01948E6F1E0A25F800C4D204;
			productRefGroup = 01948E791E0A25F800C4D204 /* Products */;
			projectDirPath = "";
			projectRoot = "";
			targets = (
				01948E771E0A25F800C4D204 /* MTMessageKeyBoardDemo */,
				01948E901E0A25F800C4D204 /* MTMessageKeyBoardDemoTests */,
				01948E9B1E0A25F800C4D204 /* MTMessageKeyBoardDemoUITests */,
			);
		};
/* End PBXProject section */

/* Begin PBXResourcesBuildPhase section */
		01948E761E0A25F800C4D204 /* Resources */ = {
			isa = PBXResourcesBuildPhase;
			buildActionMask = 2147483647;
			files = (
				01948E8B1E0A25F800C4D204 /* LaunchScreen.storyboard in Resources */,
				01948E881E0A25F800C4D204 /* Assets.xcassets in Resources */,
				01948E861E0A25F800C4D204 /* Main.storyboard in Resources */,
			);
			runOnlyForDeploymentPostprocessing = 0;
		};
		01948E8F1E0A25F800C4D204 /* Resources */ = {
			isa = PBXResourcesBuildPhase;
			buildActionMask = 2147483647;
			files = (
			);
			runOnlyForDeploymentPostprocessing = 0;
		};
		01948E9A1E0A25F800C4D204 /* Resources */ = {
			isa = PBXResourcesBuildPhase;
			buildActionMask = 2147483647;
			files = (
			);
			runOnlyForDeploymentPostprocessing = 0;
		};
/* End PBXResourcesBuildPhase section */

/* Begin PBXSourcesBuildPhase section */
		01948E741E0A25F800C4D204 /* Sources */ = {
			isa = PBXSourcesBuildPhase;
			buildActionMask = 2147483647;
			files = (
				01948E831E0A25F800C4D204 /* ViewController.m in Sources */,
				01948E801E0A25F800C4D204 /* AppDelegate.m in Sources */,
				01948E7D1E0A25F800C4D204 /* main.m in Sources */,
			);
			runOnlyForDeploymentPostprocessing = 0;
		};
		01948E8D1E0A25F800C4D204 /* Sources */ = {
			isa = PBXSourcesBuildPhase;
			buildActionMask = 2147483647;
			files = (
				01948E961E0A25F800C4D204 /* MTMessageKeyBoardDemoTests.m in Sources */,
			);
			runOnlyForDeploymentPostprocessing = 0;
		};
		01948E981E0A25F800C4D204 /* Sources */ = {
			isa = PBXSourcesBuildPhase;
			buildActionMask = 2147483647;
			files = (
				01948EA11E0A25F800C4D204 /* MTMessageKeyBoardDemoUITests.m in Sources */,
			);
			runOnlyForDeploymentPostprocessing = 0;
		};
/* End PBXSourcesBuildPhase section */

/* Begin PBXTargetDependency section */
		01948E931E0A25F800C4D204 /* PBXTargetDependency */ = {
			isa = PBXTargetDependency;
			target = 01948E771E0A25F800C4D204 /* MTMessageKeyBoardDemo */;
			targetProxy = 01948E921E0A25F800C4D204 /* PBXContainerItemProxy */;
		};
		01948E9E1E0A25F800C4D204 /* PBXTargetDependency */ = {
			isa = PBXTargetDependency;
			target = 01948E771E0A25F800C4D204 /* MTMessageKeyBoardDemo */;
			targetProxy = 01948E9D1E0A25F800C4D204 /* PBXContainerItemProxy */;
		};
/* End PBXTargetDependency section */

/* Begin PBXVariantGroup section */
		01948E841E0A25F800C4D204 /* Main.storyboard */ = {
			isa = PBXVariantGroup;
			children = (
				01948E851E0A25F800C4D204 /* Base */,
			);
			name = Main.storyboard;
			sourceTree = "<group>";
		};
		01948E891E0A25F800C4D204 /* LaunchScreen.storyboard */ = {
			isa = PBXVariantGroup;
			children = (
				01948E8A1E0A25F800C4D204 /* Base */,
			);
			name = LaunchScreen.storyboard;
			sourceTree = "<group>";
		};
/* End PBXVariantGroup section */

/* Begin XCBuildConfiguration section */
		01948EA31E0A25F800C4D204 /* Debug */ = {
			isa = XCBuildConfiguration;
			buildSettings = {
				ALWAYS_SEARCH_USER_PATHS = NO;
				CLANG_ANALYZER_NONNULL = YES;
				CLANG_CXX_LANGUAGE_STANDARD = "gnu++0x";
				CLANG_CXX_LIBRARY = "libc++";
				CLANG_ENABLE_MODULES = YES;
				CLANG_ENABLE_OBJC_ARC = YES;
				CLANG_WARN_BOOL_CONVERSION = YES;
				CLANG_WARN_CONSTANT_CONVERSION = YES;
				CLANG_WARN_DIRECT_OBJC_ISA_USAGE = YES_ERROR;
				CLANG_WARN_DOCUMENTATION_COMMENTS = YES;
				CLANG_WARN_EMPTY_BODY = YES;
				CLANG_WARN_ENUM_CONVERSION = YES;
				CLANG_WARN_INFINITE_RECURSION = YES;
				CLANG_WARN_INT_CONVERSION = YES;
				CLANG_WARN_OBJC_ROOT_CLASS = YES_ERROR;
				CLANG_WARN_SUSPICIOUS_MOVE = YES;
				CLANG_WARN_UNREACHABLE_CODE = YES;
				CLANG_WARN__DUPLICATE_METHOD_MATCH = YES;
				"CODE_SIGN_IDENTITY[sdk=iphoneos*]" = "iPhone Developer";
				COPY_PHASE_STRIP = NO;
				DEBUG_INFORMATION_FORMAT = dwarf;
				ENABLE_STRICT_OBJC_MSGSEND = YES;
				ENABLE_TESTABILITY = YES;
				GCC_C_LANGUAGE_STANDARD = gnu99;
				GCC_DYNAMIC_NO_PIC = NO;
				GCC_NO_COMMON_BLOCKS = YES;
				GCC_OPTIMIZATION_LEVEL = 0;
				GCC_PREPROCESSOR_DEFINITIONS = (
					"DEBUG=1",
					"$(inherited)",
				);
				GCC_WARN_64_TO_32_BIT_CONVERSION = YES;
				GCC_WARN_ABOUT_RETURN_TYPE = YES_ERROR;
				GCC_WARN_UNDECLARED_SELECTOR = YES;
				GCC_WARN_UNINITIALIZED_AUTOS = YES_AGGRESSIVE;
				GCC_WARN_UNUSED_FUNCTION = YES;
				GCC_WARN_UNUSED_VARIABLE = YES;
				IPHONEOS_DEPLOYMENT_TARGET = 10.2;
				MTL_ENABLE_DEBUG_INFO = YES;
				ONLY_ACTIVE_ARCH = YES;
				SDKROOT = iphoneos;
			};
			name = Debug;
		};
		01948EA41E0A25F800C4D204 /* Release */ = {
			isa = XCBuildConfiguration;
			buildSettings = {
				ALWAYS_SEARCH_USER_PATHS = NO;
				CLANG_ANALYZER_NONNULL = YES;
				CLANG_CXX_LANGUAGE_STANDARD = "gnu++0x";
				CLANG_CXX_LIBRARY = "libc++";
				CLANG_ENABLE_MODULES = YES;
				CLANG_ENABLE_OBJC_ARC = YES;
				CLANG_WARN_BOOL_CONVERSION = YES;
				CLANG_WARN_CONSTANT_CONVERSION = YES;
				CLANG_WARN_DIRECT_OBJC_ISA_USAGE = YES_ERROR;
				CLANG_WARN_DOCUMENTATION_COMMENTS = YES;
				CLANG_WARN_EMPTY_BODY = YES;
				CLANG_WARN_ENUM_CONVERSION = YES;
				CLANG_WARN_INFINITE_RECURSION = YES;
				CLANG_WARN_INT_CONVERSION = YES;
				CLANG_WARN_OBJC_ROOT_CLASS = YES_ERROR;
				CLANG_WARN_SUSPICIOUS_MOVE = YES;
				CLANG_WARN_UNREACHABLE_CODE = YES;
				CLANG_WARN__DUPLICATE_METHOD_MATCH = YES;
				"CODE_SIGN_IDENTITY[sdk=iphoneos*]" = "iPhone Developer";
				COPY_PHASE_STRIP = NO;
				DEBUG_INFORMATION_FORMAT = "dwarf-with-dsym";
				ENABLE_NS_ASSERTIONS = NO;
				ENABLE_STRICT_OBJC_MSGSEND = YES;
				GCC_C_LANGUAGE_STANDARD = gnu99;
				GCC_NO_COMMON_BLOCKS = YES;
				GCC_WARN_64_TO_32_BIT_CONVERSION = YES;
				GCC_WARN_ABOUT_RETURN_TYPE = YES_ERROR;
				GCC_WARN_UNDECLARED_SELECTOR = YES;
				GCC_WARN_UNINITIALIZED_AUTOS = YES_AGGRESSIVE;
				GCC_WARN_UNUSED_FUNCTION = YES;
				GCC_WARN_UNUSED_VARIABLE = YES;
				IPHONEOS_DEPLOYMENT_TARGET = 10.2;
				MTL_ENABLE_DEBUG_INFO = NO;
				SDKROOT = iphoneos;
				VALIDATE_PRODUCT = YES;
			};
			name = Release;
		};
		01948EA61E0A25F800C4D204 /* Debug */ = {
			isa = XCBuildConfiguration;
			buildSettings = {
				ASSETCATALOG_COMPILER_APPICON_NAME = AppIcon;
				INFOPLIST_FILE = MTMessageKeyBoardDemo/Info.plist;
				LD_RUNPATH_SEARCH_PATHS = "$(inherited) @executable_path/Frameworks";
				PRODUCT_BUNDLE_IDENTIFIER = com.mt.MTMessageKeyBoardDemo;
				PRODUCT_NAME = "$(TARGET_NAME)";
			};
			name = Debug;
		};
		01948EA71E0A25F800C4D204 /* Release */ = {
			isa = XCBuildConfiguration;
			buildSettings = {
				ASSETCATALOG_COMPILER_APPICON_NAME = AppIcon;
				INFOPLIST_FILE = MTMessageKeyBoardDemo/Info.plist;
				LD_RUNPATH_SEARCH_PATHS = "$(inherited) @executable_path/Frameworks";
				PRODUCT_BUNDLE_IDENTIFIER = com.mt.MTMessageKeyBoardDemo;
				PRODUCT_NAME = "$(TARGET_NAME)";
			};
			name = Release;
		};
		01948EA91E0A25F800C4D204 /* Debug */ = {
			isa = XCBuildConfiguration;
			buildSettings = {
				BUNDLE_LOADER = "$(TEST_HOST)";
				INFOPLIST_FILE = MTMessageKeyBoardDemoTests/Info.plist;
				LD_RUNPATH_SEARCH_PATHS = "$(inherited) @executable_path/Frameworks @loader_path/Frameworks";
				PRODUCT_BUNDLE_IDENTIFIER = com.mt.MTMessageKeyBoardDemoTests;
				PRODUCT_NAME = "$(TARGET_NAME)";
				TEST_HOST = "$(BUILT_PRODUCTS_DIR)/MTMessageKeyBoardDemo.app/MTMessageKeyBoardDemo";
			};
			name = Debug;
		};
		01948EAA1E0A25F800C4D204 /* Release */ = {
			isa = XCBuildConfiguration;
			buildSettings = {
				BUNDLE_LOADER = "$(TEST_HOST)";
				INFOPLIST_FILE = MTMessageKeyBoardDemoTests/Info.plist;
				LD_RUNPATH_SEARCH_PATHS = "$(inherited) @executable_path/Frameworks @loader_path/Frameworks";
				PRODUCT_BUNDLE_IDENTIFIER = com.mt.MTMessageKeyBoardDemoTests;
				PRODUCT_NAME = "$(TARGET_NAME)";
				TEST_HOST = "$(BUILT_PRODUCTS_DIR)/MTMessageKeyBoardDemo.app/MTMessageKeyBoardDemo";
			};
			name = Release;
		};
		01948EAC1E0A25F800C4D204 /* Debug */ = {
			isa = XCBuildConfiguration;
			buildSettings = {
				INFOPLIST_FILE = MTMessageKeyBoardDemoUITests/Info.plist;
				LD_RUNPATH_SEARCH_PATHS = "$(inherited) @executable_path/Frameworks @loader_path/Frameworks";
				PRODUCT_BUNDLE_IDENTIFIER = com.mt.MTMessageKeyBoardDemoUITests;
				PRODUCT_NAME = "$(TARGET_NAME)";
				TEST_TARGET_NAME = MTMessageKeyBoardDemo;
			};
			name = Debug;
		};
		01948EAD1E0A25F800C4D204 /* Release */ = {
			isa = XCBuildConfiguration;
			buildSettings = {
				INFOPLIST_FILE = MTMessageKeyBoardDemoUITests/Info.plist;
				LD_RUNPATH_SEARCH_PATHS = "$(inherited) @executable_path/Frameworks @loader_path/Frameworks";
				PRODUCT_BUNDLE_IDENTIFIER = com.mt.MTMessageKeyBoardDemoUITests;
				PRODUCT_NAME = "$(TARGET_NAME)";
				TEST_TARGET_NAME = MTMessageKeyBoardDemo;
			};
			name = Release;
		};
/* End XCBuildConfiguration section */

/* Begin XCConfigurationList section */
		01948E731E0A25F800C4D204 /* Build configuration list for PBXProject "MTMessageKeyBoardDemo" */ = {
			isa = XCConfigurationList;
			buildConfigurations = (
				01948EA31E0A25F800C4D204 /* Debug */,
				01948EA41E0A25F800C4D204 /* Release */,
			);
			defaultConfigurationIsVisible = 0;
			defaultConfigurationName = Release;
		};
		01948EA51E0A25F800C4D204 /* Build configuration list for PBXNativeTarget "MTMessageKeyBoardDemo" */ = {
			isa = XCConfigurationList;
			buildConfigurations = (
				01948EA61E0A25F800C4D204 /* Debug */,
				01948EA71E0A25F800C4D204 /* Release */,
			);
			defaultConfigurationIsVisible = 0;
		};
		01948EA81E0A25F800C4D204 /* Build configuration list for PBXNativeTarget "MTMessageKeyBoardDemoTests" */ = {
			isa = XCConfigurationList;
			buildConfigurations = (
				01948EA91E0A25F800C4D204 /* Debug */,
				01948EAA1E0A25F800C4D204 /* Release */,
			);
			defaultConfigurationIsVisible = 0;
		};
		01948EAB1E0A25F800C4D204 /* Build configuration list for PBXNativeTarget "MTMessageKeyBoardDemoUITests" */ = {
			isa = XCConfigurationList;
			buildConfigurations = (
				01948EAC1E0A25F800C4D204 /* Debug */,
				01948EAD1E0A25F800C4D204 /* Release */,
			);
			defaultConfigurationIsVisible = 0;
		};
/* End XCConfigurationList section */
	};
	rootObject = 01948E701E0A25F800C4D204 /* Project object */;
}
